
Microsoft Visual Studio Solution File, Format Version 12.00
# Visual Studio 15
VisualStudioVersion = 15.0.27130.2010
MinimumVisualStudioVersion = 10.0.40219.1
Project("{FAE04EC0-301F-11D3-BF4B-00C04F79EFBC}") = "BitZenyConfigCreator", "BitZenyConfigCreator\BitZenyConfigCreator.csproj", "{312F7D29-946B-46D3-86AC-F54CD608D056}"
EndProject
Global
	GlobalSection(SolutionConfigurationPlatforms) = preSolution
		Debug|Any CPU = Debug|Any CPU
		Release|Any CPU = Release|Any CPU
	EndGlobalSection
	GlobalSection(ProjectConfigurationPlatforms) = postSolution
		{312F7D29-946B-46D3-86AC-F54CD608D056}.Debug|Any CPU.ActiveCfg = Debug|Any CPU
		{312F7D29-946B-46D3-86AC-F54CD608D056}.Debug|Any CPU.Build.0 = Debug|Any CPU
		{312F7D29-946B-46D3-86AC-F54CD608D056}.Release|Any CPU.ActiveCfg = Release|Any CPU
		{312F7D29-946B-46D3-86AC-F54CD608D056}.Release|Any CPU.Build.0 = Release|Any CPU
	EndGlobalSection
	GlobalSection(SolutionProperties) = preSolution
		HideSolutionNode = FALSE
	EndGlobalSection
	GlobalSection(ExtensibilityGlobals) = postSolution
		SolutionGuid = {35B95D81-512A-4B22-9A32-60D8CC5323D1}
	EndGlobalSection
EndGlobal
